
Microsoft Visual Studio Solution File, Format Version 12.00
# Visual Studio Version 17
VisualStudioVersion = 17.8.34330.188
MinimumVisualStudioVersion = 10.0.40219.1
Project("{FAE04EC0-301F-11D3-BF4B-00C04F79EFBC}") = "BlazorFinalEvidence.Client", "BlazorFinalEvidence.Client\BlazorFinalEvidence.Client.csproj", "{473CF713-ACC2-4947-9954-CE0FF6419B07}"
EndProject
Project("{FAE04EC0-301F-11D3-BF4B-00C04F79EFBC}") = "BlazorFinalEvidence.Server", "BlazorFinalEvidence.Server\BlazorFinalEvidence.Server.csproj", "{B3BE8B88-3FD9-4DF9-A158-4D4A769287D2}"
EndProject
Project("{FAE04EC0-301F-11D3-BF4B-00C04F79EFBC}") = "BlazorFinalEvidence.Shared", "BlazorFinalEvidence.Shared\BlazorFinalEvidence.Shared.csproj", "{BD98C3E6-CD6F-4783-A2AF-AD308C796346}"
EndProject
Global
	GlobalSection(SolutionConfigurationPlatforms) = preSolution
		Debug|Any CPU = Debug|Any CPU
		Release|Any CPU = Release|Any CPU
	EndGlobalSection
	GlobalSection(ProjectConfigurationPlatforms) = postSolution
		{473CF713-ACC2-4947-9954-CE0FF6419B07}.Debug|Any CPU.ActiveCfg = Debug|Any CPU
		{473CF713-ACC2-4947-9954-CE0FF6419B07}.Debug|Any CPU.Build.0 = Debug|Any CPU
		{473CF713-ACC2-4947-9954-CE0FF6419B07}.Release|Any CPU.ActiveCfg = Release|Any CPU
		{473CF713-ACC2-4947-9954-CE0FF6419B07}.Release|Any CPU.Build.0 = Release|Any CPU
		{B3BE8B88-3FD9-4DF9-A158-4D4A769287D2}.Debug|Any CPU.ActiveCfg = Debug|Any CPU
		{B3BE8B88-3FD9-4DF9-A158-4D4A769287D2}.Debug|Any CPU.Build.0 = Debug|Any CPU
		{B3BE8B88-3FD9-4DF9-A158-4D4A769287D2}.Release|Any CPU.ActiveCfg = Release|Any CPU
		{B3BE8B88-3FD9-4DF9-A158-4D4A769287D2}.Release|Any CPU.Build.0 = Release|Any CPU
		{BD98C3E6-CD6F-4783-A2AF-AD308C796346}.Debug|Any CPU.ActiveCfg = Debug|Any CPU
		{BD98C3E6-CD6F-4783-A2AF-AD308C796346}.Debug|Any CPU.Build.0 = Debug|Any CPU
		{BD98C3E6-CD6F-4783-A2AF-AD308C796346}.Release|Any CPU.ActiveCfg = Release|Any CPU
		{BD98C3E6-CD6F-4783-A2AF-AD308C796346}.Release|Any CPU.Build.0 = Release|Any CPU
	EndGlobalSection
	GlobalSection(SolutionProperties) = preSolution
		HideSolutionNode = FALSE
	EndGlobalSection
	GlobalSection(ExtensibilityGlobals) = postSolution
		SolutionGuid = {37F6D8AA-3960-4C52-88E8-D490312B2A91}
	EndGlobalSection
EndGlobal
